
Microsoft Visual Studio Solution File, Format Version 12.00
# Visual Studio Version 17
VisualStudioVersion = 17.7.34024.191
MinimumVisualStudioVersion = 10.0.40219.1
Project("{888888A0-9F3D-457C-B088-3A5042F75D52}") = "AgriculturalAIAssistant", "AgriculturalAIAssistant.pyproj", "{037DDCD8-2B87-4892-A856-EB4A1A274008}"
EndProject
Global
	GlobalSection(SolutionConfigurationPlatforms) = preSolution
		Debug|Any CPU = Debug|Any CPU
		Release|Any CPU = Release|Any CPU
	EndGlobalSection
	GlobalSection(ProjectConfigurationPlatforms) = postSolution
		{037DDCD8-2B87-4892-A856-EB4A1A274008}.Debug|Any CPU.ActiveCfg = Debug|Any CPU
		{037DDCD8-2B87-4892-A856-EB4A1A274008}.Release|Any CPU.ActiveCfg = Release|Any CPU
	EndGlobalSection
	GlobalSection(SolutionProperties) = preSolution
		HideSolutionNode = FALSE
	EndGlobalSection
	GlobalSection(ExtensibilityGlobals) = postSolution
		SolutionGuid = {6D37E489-8682-481E-AC3A-46316E3CB894}
	EndGlobalSection
EndGlobal
